
Microsoft Visual Studio Solution File, Format Version 12.00
# Visual Studio Version 16
VisualStudioVersion = 16.0.30413.136
MinimumVisualStudioVersion = 15.0.26124.0
Project("{9A19103F-16F7-4668-BE54-9A1E7A4F7556}") = "PresetApi", "PresetApi\PresetApi.csproj", "{1BEDFE2D-8E9C-4BE7-A8D7-443694568B01}"
EndProject
Global
	GlobalSection(SolutionConfigurationPlatforms) = preSolution
		Debug|Any CPU = Debug|Any CPU
		Release|Any CPU = Release|Any CPU
	EndGlobalSection
	GlobalSection(ProjectConfigurationPlatforms) = postSolution
		{1BEDFE2D-8E9C-4BE7-A8D7-443694568B01}.Debug|Any CPU.ActiveCfg = Debug|Any CPU
		{1BEDFE2D-8E9C-4BE7-A8D7-443694568B01}.Debug|Any CPU.Build.0 = Debug|Any CPU
		{1BEDFE2D-8E9C-4BE7-A8D7-443694568B01}.Release|Any CPU.ActiveCfg = Release|Any CPU
		{1BEDFE2D-8E9C-4BE7-A8D7-443694568B01}.Release|Any CPU.Build.0 = Release|Any CPU
	EndGlobalSection
	GlobalSection(SolutionProperties) = preSolution
		HideSolutionNode = FALSE
	EndGlobalSection
	GlobalSection(ExtensibilityGlobals) = postSolution
		SolutionGuid = {FD1ADBF7-3098-4E4B-AC00-4A70571CC3EA}
	EndGlobalSection
EndGlobal
